dependencies:
- name: helx-common
  repository: oci://ghcr.io/helxplatform/helm-charts
  version: 0.1.0
- name: openldap-stack-ha
  repository: https://jp-gouin.github.io/helm-openldap/
  version: 4.3.3
digest: sha256:5912520a3189796982294d828ac4fee17edff467682ce1afd11ddc810fba3c36
generated: "2026-08-18T03:53:46Z"
