dependencies:
- name: appstore
  repository: oci://ghcr.io/helxplatform/helm-charts
  version: 5.1.4
- name: appstore-prepuller
  repository: file://../../../services/appstore-prepuller/chart
  version: 0.1.1
- name: appstore-sockets
  repository: oci://ghcr.io/helxplatform/helm-charts
  version: 2.1.0
- name: backup-pvc-cronjob
  repository: oci://ghcr.io/helxplatform/helm-charts
  version: 0.2.1
- name: helx-ldap
  repository: file://../../../services/helx-ldap/chart
  version: 0.1.3
- name: image-utils
  repository: oci://ghcr.io/helxplatform/helm-charts
  version: 1.0.0
- name: ldap-sync
  repository: file://../../../services/ldap-sync/chart
  version: 2.2.1
- name: nfs-server
  repository: oci://ghcr.io/helxplatform/helm-charts
  version: 0.2.5
- name: nfsrods
  repository: oci://ghcr.io/helxplatform/helm-charts
  version: 2.0.4
- name: pod-reaper
  repository: oci://ghcr.io/helxplatform/helm-charts
  version: 0.2.5
- name: resty
  repository: oci://ghcr.io/helxplatform/helm-charts
  version: 1.0.5
- name: search
  repository: oci://ghcr.io/helxplatform/helm-charts
  version: 7.0.0
- name: ui
  repository: oci://ghcr.io/helxplatform/helm-charts
  version: 1.6.0
- name: user-mutator
  repository: file://../../../services/user-mutator/chart
  version: 1.6.2
digest: sha256:b1596c4cada16326bd852cb6c697dca6109b95264737a82bfc2f5b5f1ddf2c27
generated: "2026-08-19T13:03:35-04:00"
