dependencies:
- name: appstore
  repository: oci://ghcr.io/helxplatform/helm-charts
  version: 5.1.6
- name: appstore-sockets
  repository: oci://ghcr.io/helxplatform/helm-charts
  version: 2.1.1
- name: appstore-prepuller
  repository: oci://ghcr.io/helxplatform/helm-charts
  version: 0.1.2
- name: helx-ldap
  repository: oci://ghcr.io/helxplatform/helm-charts
  version: 0.1.3
- name: ldap-sync
  repository: oci://ghcr.io/helxplatform/helm-charts
  version: 2.2.1
- name: pod-reaper
  repository: oci://ghcr.io/helxplatform/helm-charts
  version: 0.2.5
- name: resty
  repository: oci://ghcr.io/helxplatform/helm-charts
  version: 1.0.5
- name: ui
  repository: oci://ghcr.io/helxplatform/helm-charts
  version: 1.6.1
- name: user-mutator
  repository: oci://ghcr.io/helxplatform/helm-charts
  version: 1.6.3
digest: sha256:fc9ab2cb35e8a61e0611eb331848205f04fbe4ec44c8dcb4aeebc489631f5e76
generated: '2026-08-25T00:08:23.317674+00:00'
