dependencies:
- name: helx-common
  repository: oci://ghcr.io/helxplatform/helm-charts
  version: 0.1.1
- name: postgres
  repository: oci://registry-1.docker.io/cloudpirates
  version: 0.14.4
digest: sha256:f69c8ff77a63238a00753d3c6983f6e59488cba84c04e1f979f2c77e66c52778
generated: '2026-08-25T03:41:16.097880+00:00'
